
Microsoft Visual Studio Solution File, Format Version 12.00
# Visual Studio Version 17
VisualStudioVersion = 17.5.002.0
MinimumVisualStudioVersion = 10.0.40219.1
Project("{2150E333-8FDC-42A3-9474-1A3956D46DE8}") = "Seminar4", "Seminar4", "{9D689571-FA51-42E5-9508-E6DB2D686730}"
EndProject
Project("{9A19103F-16F7-4668-BE54-9A1E7A4F7556}") = "TaskLast", "Seminar4\TaskLast\TaskLast.csproj", "{B7D60C4F-D776-4DDC-9F3D-89C18FEC8D87}"
EndProject
Project("{2150E333-8FDC-42A3-9474-1A3956D46DE8}") = "Seminar3", "Seminar3", "{1DB8F0F8-535F-45BB-AB05-47E5E08B7C19}"
EndProject
Project("{9A19103F-16F7-4668-BE54-9A1E7A4F7556}") = "Task20", "Seminar3\Task20\Task20.csproj", "{C5E6976B-F51F-4BA4-BFBE-25FB453287CE}"
EndProject
Project("{9A19103F-16F7-4668-BE54-9A1E7A4F7556}") = "Task18", "Seminar3\Task18\Task18.csproj", "{3BA748D3-A501-4621-BDBF-7B122C6B57BB}"
EndProject
Project("{9A19103F-16F7-4668-BE54-9A1E7A4F7556}") = "Task17", "Seminar3\Task17\Task17.csproj", "{681ACCB6-DF34-4FA4-A42C-CBEFA720AFE4}"
EndProject
Project("{9A19103F-16F7-4668-BE54-9A1E7A4F7556}") = "Task23", "Seminar3\Task23\Task23.csproj", "{8FD67CAC-8D8F-4763-826E-369D3D0A81C4}"
EndProject
Project("{9A19103F-16F7-4668-BE54-9A1E7A4F7556}") = "Task22", "Seminar3\Task22\Task22.csproj", "{25A09DAD-61EF-403B-AAE0-FA34B66AF759}"
EndProject
Project("{2150E333-8FDC-42A3-9474-1A3956D46DE8}") = "Seminar2", "Seminar2", "{E6808B0B-B818-441F-BE68-3A370A8DF948}"
EndProject
Project("{9A19103F-16F7-4668-BE54-9A1E7A4F7556}") = "Ex1", "Seminar2\Ex1\Ex1.csproj", "{20A2AD94-3F86-40CF-AD37-B26A68966989}"
EndProject
Project("{9A19103F-16F7-4668-BE54-9A1E7A4F7556}") = "Ex4", "Seminar2\Ex4\Ex4.csproj", "{B91F3C55-2FED-497D-A057-D210FBDCDD3D}"
EndProject
Project("{9A19103F-16F7-4668-BE54-9A1E7A4F7556}") = "Ex3", "Seminar2\Ex3\Ex3.csproj", "{1D70FD60-A68F-4BEF-A9C5-8F353580582D}"
EndProject
Project("{9A19103F-16F7-4668-BE54-9A1E7A4F7556}") = "Ex2", "Seminar2\Ex2\Ex2.csproj", "{E74009CB-6F5F-489B-B20C-7AA4D66CB016}"
EndProject
Project("{9A19103F-16F7-4668-BE54-9A1E7A4F7556}") = "Ex5", "Seminar2\Ex5\Ex5.csproj", "{79CD58AB-9364-40AE-A61B-87A7DB754801}"
EndProject
Project("{2150E333-8FDC-42A3-9474-1A3956D46DE8}") = "Seminar5", "Seminar5", "{2E7D9EBF-3F0D-4BAA-8EB5-23DB39203F0B}"
EndProject
Project("{9A19103F-16F7-4668-BE54-9A1E7A4F7556}") = "Task32", "Seminar5\Task32\Task32.csproj", "{0BCF4215-D86B-4B16-AF04-373A3046EE05}"
EndProject
Project("{9A19103F-16F7-4668-BE54-9A1E7A4F7556}") = "Task34", "Seminar5\Task34\Task34.csproj", "{740FFA34-9E3B-4C4F-A9BA-6771D5E05A86}"
EndProject
Project("{9A19103F-16F7-4668-BE54-9A1E7A4F7556}") = "Task33", "Seminar5\Task33\Task33.csproj", "{9AEFE29D-E2FA-4B76-B9EF-63DFAEAE4C6A}"
EndProject
Project("{9A19103F-16F7-4668-BE54-9A1E7A4F7556}") = "Task38", "Seminar5\Task38\Task38.csproj", "{D63E3A4B-8553-405B-B565-EA6A2B27C851}"
EndProject
Project("{9A19103F-16F7-4668-BE54-9A1E7A4F7556}") = "Task36", "Seminar5\Task36\Task36.csproj", "{2C6A664E-1767-43FF-AA05-7F880EE9D311}"
EndProject
Project("{9A19103F-16F7-4668-BE54-9A1E7A4F7556}") = "Task31", "Seminar5\Task31\Task31.csproj", "{9A62258F-7350-4B35-8A02-46F15F645433}"
EndProject
Project("{9A19103F-16F7-4668-BE54-9A1E7A4F7556}") = "Task37", "Seminar5\Task37\Task37.csproj", "{999B737C-E842-40E2-AE9C-1B2E71235AAC}"
EndProject
Project("{2150E333-8FDC-42A3-9474-1A3956D46DE8}") = "Seminar7", "Seminar7", "{96E6E2A3-0DFB-4044-9259-43802131EF45}"
EndProject
Project("{9A19103F-16F7-4668-BE54-9A1E7A4F7556}") = "Task50", "Seminar7\Task50\Task50.csproj", "{6F745CF1-EF1F-4BAE-B1B1-44D6A79B8CFC}"
EndProject
Project("{9A19103F-16F7-4668-BE54-9A1E7A4F7556}") = "Task51", "Seminar7\Task51\Task51.csproj", "{8C1519C8-D099-4FDA-8373-0E7E2E1DF65F}"
EndProject
Project("{9A19103F-16F7-4668-BE54-9A1E7A4F7556}") = "Task", "Seminar7\Task\Task.csproj", "{1174A286-291A-4A9F-9EC9-0F27AED8C4AC}"
EndProject
Project("{9A19103F-16F7-4668-BE54-9A1E7A4F7556}") = "Task52", "Seminar7\Task52\Task52.csproj", "{432C1911-9627-4CDA-A5F4-1189B723F4DC}"
EndProject
Project("{9A19103F-16F7-4668-BE54-9A1E7A4F7556}") = "Task46", "Seminar7\Task46\Task46.csproj", "{BDB3BE6C-A302-4CD1-848F-95697234FCD6}"
EndProject
Project("{9A19103F-16F7-4668-BE54-9A1E7A4F7556}") = "Task48", "Seminar7\Task48\Task48.csproj", "{0BE69C13-A598-4116-A820-7CE745A69A3E}"
EndProject
Project("{9A19103F-16F7-4668-BE54-9A1E7A4F7556}") = "Task49", "Seminar7\Task49\Task49.csproj", "{39E22874-6600-4035-A59A-7B6675EC543B}"
EndProject
Project("{9A19103F-16F7-4668-BE54-9A1E7A4F7556}") = "Task47", "Seminar7\Task47\Task47.csproj", "{F0B985F0-74F1-40A3-8975-C46FCA8B6009}"
EndProject
Project("{2150E333-8FDC-42A3-9474-1A3956D46DE8}") = "Seminar6", "Seminar6", "{E5807A65-FC86-4ADA-9BEA-E079925AB682}"
EndProject
Project("{9A19103F-16F7-4668-BE54-9A1E7A4F7556}") = "Task42", "Seminar6\Task42\Task42.csproj", "{D78A5F9C-C8D5-409C-AABA-765DDA93AF7D}"
EndProject
Project("{9A19103F-16F7-4668-BE54-9A1E7A4F7556}") = "Task43", "Seminar6\Task43\Task43.csproj", "{C4A9700A-A454-4408-AB21-3590D4DCE191}"
EndProject
Project("{9A19103F-16F7-4668-BE54-9A1E7A4F7556}") = "Task39", "Seminar6\Task39\Task39.csproj", "{4CAC47E7-4646-4BD6-99F3-CF73D5CA9BD6}"
EndProject
Project("{9A19103F-16F7-4668-BE54-9A1E7A4F7556}") = "Task41", "Seminar6\Task41\Task41.csproj", "{FED8A69E-E990-4668-9946-B80F10A520EA}"
EndProject
Project("{2150E333-8FDC-42A3-9474-1A3956D46DE8}") = "Seminar1", "Seminar1", "{58E649A4-50F7-4074-9983-D1BA4A4BD150}"
EndProject
Project("{9A19103F-16F7-4668-BE54-9A1E7A4F7556}") = "EX1", "Seminar1\EX1\EX1.csproj", "{7B1E8FE3-5997-45C3-A6FF-954ED984AAC3}"
EndProject
Project("{9A19103F-16F7-4668-BE54-9A1E7A4F7556}") = "EX4", "Seminar1\EX4\EX4.csproj", "{75856D0E-AAE3-4B76-86A3-D3804744C680}"
EndProject
Project("{9A19103F-16F7-4668-BE54-9A1E7A4F7556}") = "EX3", "Seminar1\EX3\EX3.csproj", "{5689041E-D8FB-41C1-9444-F6BD58800075}"
EndProject
Project("{9A19103F-16F7-4668-BE54-9A1E7A4F7556}") = "EX2", "Seminar1\EX2\EX2.csproj", "{BE24E503-221E-4AB7-9D4A-820F47DED3C3}"
EndProject
Project("{9A19103F-16F7-4668-BE54-9A1E7A4F7556}") = "EX5", "Seminar1\EX5\EX5.csproj", "{3F4270D1-122F-4308-840E-28D52FD930D0}"
EndProject
Global
	GlobalSection(SolutionConfigurationPlatforms) = preSolution
		Debug|Any CPU = Debug|Any CPU
		Release|Any CPU = Release|Any CPU
	EndGlobalSection
	GlobalSection(ProjectConfigurationPlatforms) = postSolution
		{B7D60C4F-D776-4DDC-9F3D-89C18FEC8D87}.Debug|Any CPU.ActiveCfg = Debug|Any CPU
		{B7D60C4F-D776-4DDC-9F3D-89C18FEC8D87}.Debug|Any CPU.Build.0 = Debug|Any CPU
		{B7D60C4F-D776-4DDC-9F3D-89C18FEC8D87}.Release|Any CPU.ActiveCfg = Release|Any CPU
		{B7D60C4F-D776-4DDC-9F3D-89C18FEC8D87}.Release|Any CPU.Build.0 = Release|Any CPU
		{C5E6976B-F51F-4BA4-BFBE-25FB453287CE}.Debug|Any CPU.ActiveCfg = Debug|Any CPU
		{C5E6976B-F51F-4BA4-BFBE-25FB453287CE}.Debug|Any CPU.Build.0 = Debug|Any CPU
		{C5E6976B-F51F-4BA4-BFBE-25FB453287CE}.Release|Any CPU.ActiveCfg = Release|Any CPU
		{C5E6976B-F51F-4BA4-BFBE-25FB453287CE}.Release|Any CPU.Build.0 = Release|Any CPU
		{3BA748D3-A501-4621-BDBF-7B122C6B57BB}.Debug|Any CPU.ActiveCfg = Debug|Any CPU
		{3BA748D3-A501-4621-BDBF-7B122C6B57BB}.Debug|Any CPU.Build.0 = Debug|Any CPU
		{3BA748D3-A501-4621-BDBF-7B122C6B57BB}.Release|Any CPU.ActiveCfg = Release|Any CPU
		{3BA748D3-A501-4621-BDBF-7B122C6B57BB}.Release|Any CPU.Build.0 = Release|Any CPU
		{681ACCB6-DF34-4FA4-A42C-CBEFA720AFE4}.Debug|Any CPU.ActiveCfg = Debug|Any CPU
		{681ACCB6-DF34-4FA4-A42C-CBEFA720AFE4}.Debug|Any CPU.Build.0 = Debug|Any CPU
		{681ACCB6-DF34-4FA4-A42C-CBEFA720AFE4}.Release|Any CPU.ActiveCfg = Release|Any CPU
		{681ACCB6-DF34-4FA4-A42C-CBEFA720AFE4}.Release|Any CPU.Build.0 = Release|Any CPU
		{8FD67CAC-8D8F-4763-826E-369D3D0A81C4}.Debug|Any CPU.ActiveCfg = Debug|Any CPU
		{8FD67CAC-8D8F-4763-826E-369D3D0A81C4}.Debug|Any CPU.Build.0 = Debug|Any CPU
		{8FD67CAC-8D8F-4763-826E-369D3D0A81C4}.Release|Any CPU.ActiveCfg = Release|Any CPU
		{8FD67CAC-8D8F-4763-826E-369D3D0A81C4}.Release|Any CPU.Build.0 = Release|Any CPU
		{25A09DAD-61EF-403B-AAE0-FA34B66AF759}.Debug|Any CPU.ActiveCfg = Debug|Any CPU
		{25A09DAD-61EF-403B-AAE0-FA34B66AF759}.Debug|Any CPU.Build.0 = Debug|Any CPU
		{25A09DAD-61EF-403B-AAE0-FA34B66AF759}.Release|Any CPU.ActiveCfg = Release|Any CPU
		{25A09DAD-61EF-403B-AAE0-FA34B66AF759}.Release|Any CPU.Build.0 = Release|Any CPU
		{20A2AD94-3F86-40CF-AD37-B26A68966989}.Debug|Any CPU.ActiveCfg = Debug|Any CPU
		{20A2AD94-3F86-40CF-AD37-B26A68966989}.Debug|Any CPU.Build.0 = Debug|Any CPU
		{20A2AD94-3F86-40CF-AD37-B26A68966989}.Release|Any CPU.ActiveCfg = Release|Any CPU
		{20A2AD94-3F86-40CF-AD37-B26A68966989}.Release|Any CPU.Build.0 = Release|Any CPU
		{B91F3C55-2FED-497D-A057-D210FBDCDD3D}.Debug|Any CPU.ActiveCfg = Debug|Any CPU
		{B91F3C55-2FED-497D-A057-D210FBDCDD3D}.Debug|Any CPU.Build.0 = Debug|Any CPU
		{B91F3C55-2FED-497D-A057-D210FBDCDD3D}.Release|Any CPU.ActiveCfg = Release|Any CPU
		{B91F3C55-2FED-497D-A057-D210FBDCDD3D}.Release|Any CPU.Build.0 = Release|Any CPU
		{1D70FD60-A68F-4BEF-A9C5-8F353580582D}.Debug|Any CPU.ActiveCfg = Debug|Any CPU
		{1D70FD60-A68F-4BEF-A9C5-8F353580582D}.Debug|Any CPU.Build.0 = Debug|Any CPU
		{1D70FD60-A68F-4BEF-A9C5-8F353580582D}.Release|Any CPU.ActiveCfg = Release|Any CPU
		{1D70FD60-A68F-4BEF-A9C5-8F353580582D}.Release|Any CPU.Build.0 = Release|Any CPU
		{E74009CB-6F5F-489B-B20C-7AA4D66CB016}.Debug|Any CPU.ActiveCfg = Debug|Any CPU
		{E74009CB-6F5F-489B-B20C-7AA4D66CB016}.Debug|Any CPU.Build.0 = Debug|Any CPU
		{E74009CB-6F5F-489B-B20C-7AA4D66CB016}.Release|Any CPU.ActiveCfg = Release|Any CPU
		{E74009CB-6F5F-489B-B20C-7AA4D66CB016}.Release|Any CPU.Build.0 = Release|Any CPU
		{79CD58AB-9364-40AE-A61B-87A7DB754801}.Debug|Any CPU.ActiveCfg = Debug|Any CPU
		{79CD58AB-9364-40AE-A61B-87A7DB754801}.Debug|Any CPU.Build.0 = Debug|Any CPU
		{79CD58AB-9364-40AE-A61B-87A7DB754801}.Release|Any CPU.ActiveCfg = Release|Any CPU
		{79CD58AB-9364-40AE-A61B-87A7DB754801}.Release|Any CPU.Build.0 = Release|Any CPU
		{0BCF4215-D86B-4B16-AF04-373A3046EE05}.Debug|Any CPU.ActiveCfg = Debug|Any CPU
		{0BCF4215-D86B-4B16-AF04-373A3046EE05}.Debug|Any CPU.Build.0 = Debug|Any CPU
		{0BCF4215-D86B-4B16-AF04-373A3046EE05}.Release|Any CPU.ActiveCfg = Release|Any CPU
		{0BCF4215-D86B-4B16-AF04-373A3046EE05}.Release|Any CPU.Build.0 = Release|Any CPU
		{740FFA34-9E3B-4C4F-A9BA-6771D5E05A86}.Debug|Any CPU.ActiveCfg = Debug|Any CPU
		{740FFA34-9E3B-4C4F-A9BA-6771D5E05A86}.Debug|Any CPU.Build.0 = Debug|Any CPU
		{740FFA34-9E3B-4C4F-A9BA-6771D5E05A86}.Release|Any CPU.ActiveCfg = Release|Any CPU
		{740FFA34-9E3B-4C4F-A9BA-6771D5E05A86}.Release|Any CPU.Build.0 = Release|Any CPU
		{9AEFE29D-E2FA-4B76-B9EF-63DFAEAE4C6A}.Debug|Any CPU.ActiveCfg = Debug|Any CPU
		{9AEFE29D-E2FA-4B76-B9EF-63DFAEAE4C6A}.Debug|Any CPU.Build.0 = Debug|Any CPU
		{9AEFE29D-E2FA-4B76-B9EF-63DFAEAE4C6A}.Release|Any CPU.ActiveCfg = Release|Any CPU
		{9AEFE29D-E2FA-4B76-B9EF-63DFAEAE4C6A}.Release|Any CPU.Build.0 = Release|Any CPU
		{D63E3A4B-8553-405B-B565-EA6A2B27C851}.Debug|Any CPU.ActiveCfg = Debug|Any CPU
		{D63E3A4B-8553-405B-B565-EA6A2B27C851}.Debug|Any CPU.Build.0 = Debug|Any CPU
		{D63E3A4B-8553-405B-B565-EA6A2B27C851}.Release|Any CPU.ActiveCfg = Release|Any CPU
		{D63E3A4B-8553-405B-B565-EA6A2B27C851}.Release|Any CPU.Build.0 = Release|Any CPU
		{2C6A664E-1767-43FF-AA05-7F880EE9D311}.Debug|Any CPU.ActiveCfg = Debug|Any CPU
		{2C6A664E-1767-43FF-AA05-7F880EE9D311}.Debug|Any CPU.Build.0 = Debug|Any CPU
		{2C6A664E-1767-43FF-AA05-7F880EE9D311}.Release|Any CPU.ActiveCfg = Release|Any CPU
		{2C6A664E-1767-43FF-AA05-7F880EE9D311}.Release|Any CPU.Build.0 = Release|Any CPU
		{9A62258F-7350-4B35-8A02-46F15F645433}.Debug|Any CPU.ActiveCfg = Debug|Any CPU
		{9A62258F-7350-4B35-8A02-46F15F645433}.Debug|Any CPU.Build.0 = Debug|Any CPU
		{9A62258F-7350-4B35-8A02-46F15F645433}.Release|Any CPU.ActiveCfg = Release|Any CPU
		{9A62258F-7350-4B35-8A02-46F15F645433}.Release|Any CPU.Build.0 = Release|Any CPU
		{999B737C-E842-40E2-AE9C-1B2E71235AAC}.Debug|Any CPU.ActiveCfg = Debug|Any CPU
		{999B737C-E842-40E2-AE9C-1B2E71235AAC}.Debug|Any CPU.Build.0 = Debug|Any CPU
		{999B737C-E842-40E2-AE9C-1B2E71235AAC}.Release|Any CPU.ActiveCfg = Release|Any CPU
		{999B737C-E842-40E2-AE9C-1B2E71235AAC}.Release|Any CPU.Build.0 = Release|Any CPU
		{6F745CF1-EF1F-4BAE-B1B1-44D6A79B8CFC}.Debug|Any CPU.ActiveCfg = Debug|Any CPU
		{6F745CF1-EF1F-4BAE-B1B1-44D6A79B8CFC}.Debug|Any CPU.Build.0 = Debug|Any CPU
		{6F745CF1-EF1F-4BAE-B1B1-44D6A79B8CFC}.Release|Any CPU.ActiveCfg = Release|Any CPU
		{6F745CF1-EF1F-4BAE-B1B1-44D6A79B8CFC}.Release|Any CPU.Build.0 = Release|Any CPU
		{8C1519C8-D099-4FDA-8373-0E7E2E1DF65F}.Debug|Any CPU.ActiveCfg = Debug|Any CPU
		{8C1519C8-D099-4FDA-8373-0E7E2E1DF65F}.Debug|Any CPU.Build.0 = Debug|Any CPU
		{8C1519C8-D099-4FDA-8373-0E7E2E1DF65F}.Release|Any CPU.ActiveCfg = Release|Any CPU
		{8C1519C8-D099-4FDA-8373-0E7E2E1DF65F}.Release|Any CPU.Build.0 = Release|Any CPU
		{1174A286-291A-4A9F-9EC9-0F27AED8C4AC}.Debug|Any CPU.ActiveCfg = Debug|Any CPU
		{1174A286-291A-4A9F-9EC9-0F27AED8C4AC}.Debug|Any CPU.Build.0 = Debug|Any CPU
		{1174A286-291A-4A9F-9EC9-0F27AED8C4AC}.Release|Any CPU.ActiveCfg = Release|Any CPU
		{1174A286-291A-4A9F-9EC9-0F27AED8C4AC}.Release|Any CPU.Build.0 = Release|Any CPU
		{432C1911-9627-4CDA-A5F4-1189B723F4DC}.Debug|Any CPU.ActiveCfg = Debug|Any CPU
		{432C1911-9627-4CDA-A5F4-1189B723F4DC}.Debug|Any CPU.Build.0 = Debug|Any CPU
		{432C1911-9627-4CDA-A5F4-1189B723F4DC}.Release|Any CPU.ActiveCfg = Release|Any CPU
		{432C1911-9627-4CDA-A5F4-1189B723F4DC}.Release|Any CPU.Build.0 = Release|Any CPU
		{BDB3BE6C-A302-4CD1-848F-95697234FCD6}.Debug|Any CPU.ActiveCfg = Debug|Any CPU
		{BDB3BE6C-A302-4CD1-848F-95697234FCD6}.Debug|Any CPU.Build.0 = Debug|Any CPU
		{BDB3BE6C-A302-4CD1-848F-95697234FCD6}.Release|Any CPU.ActiveCfg = Release|Any CPU
		{BDB3BE6C-A302-4CD1-848F-95697234FCD6}.Release|Any CPU.Build.0 = Release|Any CPU
		{0BE69C13-A598-4116-A820-7CE745A69A3E}.Debug|Any CPU.ActiveCfg = Debug|Any CPU
		{0BE69C13-A598-4116-A820-7CE745A69A3E}.Debug|Any CPU.Build.0 = Debug|Any CPU
		{0BE69C13-A598-4116-A820-7CE745A69A3E}.Release|Any CPU.ActiveCfg = Release|Any CPU
		{0BE69C13-A598-4116-A820-7CE745A69A3E}.Release|Any CPU.Build.0 = Release|Any CPU
		{39E22874-6600-4035-A59A-7B6675EC543B}.Debug|Any CPU.ActiveCfg = Debug|Any CPU
		{39E22874-6600-4035-A59A-7B6675EC543B}.Debug|Any CPU.Build.0 = Debug|Any CPU
		{39E22874-6600-4035-A59A-7B6675EC543B}.Release|Any CPU.ActiveCfg = Release|Any CPU
		{39E22874-6600-4035-A59A-7B6675EC543B}.Release|Any CPU.Build.0 = Release|Any CPU
		{F0B985F0-74F1-40A3-8975-C46FCA8B6009}.Debug|Any CPU.ActiveCfg = Debug|Any CPU
		{F0B985F0-74F1-40A3-8975-C46FCA8B6009}.Debug|Any CPU.Build.0 = Debug|Any CPU
		{F0B985F0-74F1-40A3-8975-C46FCA8B6009}.Release|Any CPU.ActiveCfg = Release|Any CPU
		{F0B985F0-74F1-40A3-8975-C46FCA8B6009}.Release|Any CPU.Build.0 = Release|Any CPU
		{D78A5F9C-C8D5-409C-AABA-765DDA93AF7D}.Debug|Any CPU.ActiveCfg = Debug|Any CPU
		{D78A5F9C-C8D5-409C-AABA-765DDA93AF7D}.Debug|Any CPU.Build.0 = Debug|Any CPU
		{D78A5F9C-C8D5-409C-AABA-765DDA93AF7D}.Release|Any CPU.ActiveCfg = Release|Any CPU
		{D78A5F9C-C8D5-409C-AABA-765DDA93AF7D}.Release|Any CPU.Build.0 = Release|Any CPU
		{C4A9700A-A454-4408-AB21-3590D4DCE191}.Debug|Any CPU.ActiveCfg = Debug|Any CPU
		{C4A9700A-A454-4408-AB21-3590D4DCE191}.Debug|Any CPU.Build.0 = Debug|Any CPU
		{C4A9700A-A454-4408-AB21-3590D4DCE191}.Release|Any CPU.ActiveCfg = Release|Any CPU
		{C4A9700A-A454-4408-AB21-3590D4DCE191}.Release|Any CPU.Build.0 = Release|Any CPU
		{4CAC47E7-4646-4BD6-99F3-CF73D5CA9BD6}.Debug|Any CPU.ActiveCfg = Debug|Any CPU
		{4CAC47E7-4646-4BD6-99F3-CF73D5CA9BD6}.Debug|Any CPU.Build.0 = Debug|Any CPU
		{4CAC47E7-4646-4BD6-99F3-CF73D5CA9BD6}.Release|Any CPU.ActiveCfg = Release|Any CPU
		{4CAC47E7-4646-4BD6-99F3-CF73D5CA9BD6}.Release|Any CPU.Build.0 = Release|Any CPU
		{FED8A69E-E990-4668-9946-B80F10A520EA}.Debug|Any CPU.ActiveCfg = Debug|Any CPU
		{FED8A69E-E990-4668-9946-B80F10A520EA}.Debug|Any CPU.Build.0 = Debug|Any CPU
		{FED8A69E-E990-4668-9946-B80F10A520EA}.Release|Any CPU.ActiveCfg = Release|Any CPU
		{FED8A69E-E990-4668-9946-B80F10A520EA}.Release|Any CPU.Build.0 = Release|Any CPU
		{7B1E8FE3-5997-45C3-A6FF-954ED984AAC3}.Debug|Any CPU.ActiveCfg = Debug|Any CPU
		{7B1E8FE3-5997-45C3-A6FF-954ED984AAC3}.Debug|Any CPU.Build.0 = Debug|Any CPU
		{7B1E8FE3-5997-45C3-A6FF-954ED984AAC3}.Release|Any CPU.ActiveCfg = Release|Any CPU
		{7B1E8FE3-5997-45C3-A6FF-954ED984AAC3}.Release|Any CPU.Build.0 = Release|Any CPU
		{75856D0E-AAE3-4B76-86A3-D3804744C680}.Debug|Any CPU.ActiveCfg = Debug|Any CPU
		{75856D0E-AAE3-4B76-86A3-D3804744C680}.Debug|Any CPU.Build.0 = Debug|Any CPU
		{75856D0E-AAE3-4B76-86A3-D3804744C680}.Release|Any CPU.ActiveCfg = Release|Any CPU
		{75856D0E-AAE3-4B76-86A3-D3804744C680}.Release|Any CPU.Build.0 = Release|Any CPU
		{5689041E-D8FB-41C1-9444-F6BD58800075}.Debug|Any CPU.ActiveCfg = Debug|Any CPU
		{5689041E-D8FB-41C1-9444-F6BD58800075}.Debug|Any CPU.Build.0 = Debug|Any CPU
		{5689041E-D8FB-41C1-9444-F6BD58800075}.Release|Any CPU.ActiveCfg = Release|Any CPU
		{5689041E-D8FB-41C1-9444-F6BD58800075}.Release|Any CPU.Build.0 = Release|Any CPU
		{BE24E503-221E-4AB7-9D4A-820F47DED3C3}.Debug|Any CPU.ActiveCfg = Debug|Any CPU
		{BE24E503-221E-4AB7-9D4A-820F47DED3C3}.Debug|Any CPU.Build.0 = Debug|Any CPU
		{BE24E503-221E-4AB7-9D4A-820F47DED3C3}.Release|Any CPU.ActiveCfg = Release|Any CPU
		{BE24E503-221E-4AB7-9D4A-820F47DED3C3}.Release|Any CPU.Build.0 = Release|Any CPU
		{3F4270D1-122F-4308-840E-28D52FD930D0}.Debug|Any CPU.ActiveCfg = Debug|Any CPU
		{3F4270D1-122F-4308-840E-28D52FD930D0}.Debug|Any CPU.Build.0 = Debug|Any CPU
		{3F4270D1-122F-4308-840E-28D52FD930D0}.Release|Any CPU.ActiveCfg = Release|Any CPU
		{3F4270D1-122F-4308-840E-28D52FD930D0}.Release|Any CPU.Build.0 = Release|Any CPU
	EndGlobalSection
	GlobalSection(SolutionProperties) = preSolution
		HideSolutionNode = FALSE
	EndGlobalSection
	GlobalSection(NestedProjects) = preSolution
		{B7D60C4F-D776-4DDC-9F3D-89C18FEC8D87} = {9D689571-FA51-42E5-9508-E6DB2D686730}
		{C5E6976B-F51F-4BA4-BFBE-25FB453287CE} = {1DB8F0F8-535F-45BB-AB05-47E5E08B7C19}
		{3BA748D3-A501-4621-BDBF-7B122C6B57BB} = {1DB8F0F8-535F-45BB-AB05-47E5E08B7C19}
		{681ACCB6-DF34-4FA4-A42C-CBEFA720AFE4} = {1DB8F0F8-535F-45BB-AB05-47E5E08B7C19}
		{8FD67CAC-8D8F-4763-826E-369D3D0A81C4} = {1DB8F0F8-535F-45BB-AB05-47E5E08B7C19}
		{25A09DAD-61EF-403B-AAE0-FA34B66AF759} = {1DB8F0F8-535F-45BB-AB05-47E5E08B7C19}
		{20A2AD94-3F86-40CF-AD37-B26A68966989} = {E6808B0B-B818-441F-BE68-3A370A8DF948}
		{B91F3C55-2FED-497D-A057-D210FBDCDD3D} = {E6808B0B-B818-441F-BE68-3A370A8DF948}
		{1D70FD60-A68F-4BEF-A9C5-8F353580582D} = {E6808B0B-B818-441F-BE68-3A370A8DF948}
		{E74009CB-6F5F-489B-B20C-7AA4D66CB016} = {E6808B0B-B818-441F-BE68-3A370A8DF948}
		{79CD58AB-9364-40AE-A61B-87A7DB754801} = {E6808B0B-B818-441F-BE68-3A370A8DF948}
		{0BCF4215-D86B-4B16-AF04-373A3046EE05} = {2E7D9EBF-3F0D-4BAA-8EB5-23DB39203F0B}
		{740FFA34-9E3B-4C4F-A9BA-6771D5E05A86} = {2E7D9EBF-3F0D-4BAA-8EB5-23DB39203F0B}
		{9AEFE29D-E2FA-4B76-B9EF-63DFAEAE4C6A} = {2E7D9EBF-3F0D-4BAA-8EB5-23DB39203F0B}
		{D63E3A4B-8553-405B-B565-EA6A2B27C851} = {2E7D9EBF-3F0D-4BAA-8EB5-23DB39203F0B}
		{2C6A664E-1767-43FF-AA05-7F880EE9D311} = {2E7D9EBF-3F0D-4BAA-8EB5-23DB39203F0B}
		{9A62258F-7350-4B35-8A02-46F15F645433} = {2E7D9EBF-3F0D-4BAA-8EB5-23DB39203F0B}
		{999B737C-E842-40E2-AE9C-1B2E71235AAC} = {2E7D9EBF-3F0D-4BAA-8EB5-23DB39203F0B}
		{6F745CF1-EF1F-4BAE-B1B1-44D6A79B8CFC} = {96E6E2A3-0DFB-4044-9259-43802131EF45}
		{8C1519C8-D099-4FDA-8373-0E7E2E1DF65F} = {96E6E2A3-0DFB-4044-9259-43802131EF45}
		{1174A286-291A-4A9F-9EC9-0F27AED8C4AC} = {96E6E2A3-0DFB-4044-9259-43802131EF45}
		{432C1911-9627-4CDA-A5F4-1189B723F4DC} = {96E6E2A3-0DFB-4044-9259-43802131EF45}
		{BDB3BE6C-A302-4CD1-848F-95697234FCD6} = {96E6E2A3-0DFB-4044-9259-43802131EF45}
		{0BE69C13-A598-4116-A820-7CE745A69A3E} = {96E6E2A3-0DFB-4044-9259-43802131EF45}
		{39E22874-6600-4035-A59A-7B6675EC543B} = {96E6E2A3-0DFB-4044-9259-43802131EF45}
		{F0B985F0-74F1-40A3-8975-C46FCA8B6009} = {96E6E2A3-0DFB-4044-9259-43802131EF45}
		{D78A5F9C-C8D5-409C-AABA-765DDA93AF7D} = {E5807A65-FC86-4ADA-9BEA-E079925AB682}
		{C4A9700A-A454-4408-AB21-3590D4DCE191} = {E5807A65-FC86-4ADA-9BEA-E079925AB682}
		{4CAC47E7-4646-4BD6-99F3-CF73D5CA9BD6} = {E5807A65-FC86-4ADA-9BEA-E079925AB682}
		{FED8A69E-E990-4668-9946-B80F10A520EA} = {E5807A65-FC86-4ADA-9BEA-E079925AB682}
		{7B1E8FE3-5997-45C3-A6FF-954ED984AAC3} = {58E649A4-50F7-4074-9983-D1BA4A4BD150}
		{75856D0E-AAE3-4B76-86A3-D3804744C680} = {58E649A4-50F7-4074-9983-D1BA4A4BD150}
		{5689041E-D8FB-41C1-9444-F6BD58800075} = {58E649A4-50F7-4074-9983-D1BA4A4BD150}
		{BE24E503-221E-4AB7-9D4A-820F47DED3C3} = {58E649A4-50F7-4074-9983-D1BA4A4BD150}
		{3F4270D1-122F-4308-840E-28D52FD930D0} = {58E649A4-50F7-4074-9983-D1BA4A4BD150}
	EndGlobalSection
	GlobalSection(ExtensibilityGlobals) = postSolution
		SolutionGuid = {6C3D9D41-0D26-4D3E-8A5E-C1FDAED41128}
	EndGlobalSection
EndGlobal
